<?xml version="1.0" encoding="utf-8"?>
<Project ToolsVersion="4.0" xmlns="http://schemas.microsoft.com/developer/msbuild/2003">
  <ItemGroup>
    <Filter Include="Source Files">
      <UniqueIdentifier>{4FC737F1-C7A5-4376-A066-2A32D752A2FF}</UniqueIdentifier>
      <Extensions>cpp;c;cc;cxx;c++;cppm;ixx;def;odl;idl;hpj;bat;asm;asmx</Extensions>
    </Filter>
    <Filter Include="Header Files">
      <UniqueIdentifier>{93995380-89BD-4b04-88EB-625FBE52EBFB}</UniqueIdentifier>
      <Extensions>h;hh;hpp;hxx;h++;hm;inl;inc;ipp;xsd</Extensions>
    </Filter>
    <Filter Include="Resource Files">
      <UniqueIdentifier>{67DA6AB6-F800-4c08-8B7A-83BB121AAD01}</UniqueIdentifier>
      <Extensions>rc;ico;cur;bmp;dlg;rc2;rct;bin;rgs;gif;jpg;jpeg;jpe;resx;tiff;tif;png;wav;mfcribbon-ms</Extensions>
    </Filter>
    <Filter Include="Header Files\engine">
      <UniqueIdentifier>{4134aafd-7b49-48fc-8531-531fcc1c86f1}</UniqueIdentifier>
    </Filter>
    <Filter Include="Source Files\engine">
      <UniqueIdentifier>{d78fe493-b4f1-4c9d-b238-644466df8cfe}</UniqueIdentifier>
    </Filter>
    <Filter Include="Source Files\game">
      <UniqueIdentifier>{583e9f9d-23c3-4de7-93a1-fff54cabd751}</UniqueIdentifier>
    </Filter>
    <Filter Include="Header Files\game">
      <UniqueIdentifier>{a3d4620d-846b-477c-af45-0f8796967a7e}</UniqueIdentifier>
    </Filter>
  </ItemGroup>
  <ItemGroup>
    <ClCompile Include="src\BoxCollider.cpp">
      <Filter>Source Files\engine</Filter>
    </ClCompile>
    <ClCompile Include="src\Bullet.cpp">
      <Filter>Source Files\engine</Filter>
    </ClCompile>
    <ClCompile Include="src\BulletManager.cpp">
      <Filter>Source Files\engine</Filter>
    </ClCompile>
    <ClCompile Include="src\Camera.cpp">
      <Filter>Source Files\engine</Filter>
    </ClCompile>
    <ClCompile Include="src\Component.cpp">
      <Filter>Source Files\engine</Filter>
    </ClCompile>
    <ClCompile Include="src\ComponentList.cpp">
      <Filter>Source Files\engine</Filter>
    </ClCompile>
    <ClCompile Include="src\DebugObject.cpp">
      <Filter>Source Files\engine</Filter>
    </ClCompile>
    <ClCompile Include="src\DebugRenderer.cpp">
      <Filter>Source Files\engine</Filter>
    </ClCompile>
    <ClCompile Include="src\DebugScene.cpp">
      <Filter>Source Files\engine</Filter>
    </ClCompile>
    <ClCompile Include="src\EnemyObject.cpp">
      <Filter>Source Files\game</Filter>
    </ClCompile>
    <ClCompile Include="src\EnemySpawner.cpp">
      <Filter>Source Files\game</Filter>
    </ClCompile>
    <ClCompile Include="src\Game.cpp">
      <Filter>Source Files\game</Filter>
    </ClCompile>
    <ClCompile Include="src\GameObject.cpp">
      <Filter>Source Files\engine</Filter>
    </ClCompile>
    <ClCompile Include="src\GameObjectList.cpp">
      <Filter>Source Files\engine</Filter>
    </ClCompile>
    <ClCompile Include="src\GameOverScene.cpp">
      <Filter>Source Files\game</Filter>
    </ClCompile>
    <ClCompile Include="src\GameScene.cpp">
      <Filter>Source Files\game</Filter>
    </ClCompile>
    <ClCompile Include="src\HealthBar.cpp">
      <Filter>Source Files\game</Filter>
    </ClCompile>
    <ClCompile Include="src\InputManager.cpp">
      <Filter>Source Files\engine</Filter>
    </ClCompile>
    <ClCompile Include="src\MultipassRenderer.cpp">
      <Filter>Source Files\engine</Filter>
    </ClCompile>
    <ClCompile Include="src\ObjectPool.cpp">
      <Filter>Source Files\engine</Filter>
    </ClCompile>
    <ClCompile Include="src\PlayerObject.cpp">
      <Filter>Source Files\game</Filter>
    </ClCompile>
    <ClCompile Include="src\Renderer.cpp">
      <Filter>Source Files\engine</Filter>
    </ClCompile>
    <ClCompile Include="src\ReticleObject.cpp">
      <Filter>Source Files\game</Filter>
    </ClCompile>
    <ClCompile Include="src\Rigidbody.cpp">
      <Filter>Source Files\engine</Filter>
    </ClCompile>
    <ClCompile Include="src\Scene.cpp">
      <Filter>Source Files\engine</Filter>
    </ClCompile>
    <ClCompile Include="src\SceneManager.cpp">
      <Filter>Source Files\engine</Filter>
    </ClCompile>
    <ClCompile Include="src\ShellCollisionObject.cpp">
      <Filter>Source Files\game</Filter>
    </ClCompile>
    <ClCompile Include="src\SpriteRenderer.cpp">
      <Filter>Source Files\engine</Filter>
    </ClCompile>
    <ClCompile Include="src\Text.cpp">
      <Filter>Source Files\engine</Filter>
    </ClCompile>
    <ClCompile Include="src\Texture.cpp">
      <Filter>Source Files\engine</Filter>
    </ClCompile>
    <ClCompile Include="src\TextureManager.cpp">
      <Filter>Source Files\engine</Filter>
    </ClCompile>
    <ClCompile Include="src\Tilemap.cpp">
      <Filter>Source Files\engine</Filter>
    </ClCompile>
    <ClCompile Include="src\Time.cpp">
      <Filter>Source Files\engine</Filter>
    </ClCompile>
    <ClCompile Include="src\Timer.cpp">
      <Filter>Source Files\engine</Filter>
    </ClCompile>
    <ClCompile Include="src\Vector2.cpp">
      <Filter>Source Files\engine</Filter>
    </ClCompile>
    <ClCompile Include="src\VFXManager.cpp">
      <Filter>Source Files\engine</Filter>
    </ClCompile>
    <ClCompile Include="src\main.cpp">
      <Filter>Source Files</Filter>
    </ClCompile>
  </ItemGroup>
  <ItemGroup>
    <None Include="packages.config" />
    <None Include="data\map.json">
      <Filter>Resource Files</Filter>
    </None>
    <None Include="data\spawnpoints.json">
      <Filter>Resource Files</Filter>
    </None>
  </ItemGroup>
  <ItemGroup>
    <ClInclude Include="src\BoxCollider.h">
      <Filter>Header Files\engine</Filter>
    </ClInclude>
    <ClInclude Include="src\Bullet.h">
      <Filter>Header Files\engine</Filter>
    </ClInclude>
    <ClInclude Include="src\BulletManager.h">
      <Filter>Header Files\engine</Filter>
    </ClInclude>
    <ClInclude Include="src\Camera.h">
      <Filter>Header Files\engine</Filter>
    </ClInclude>
    <ClInclude Include="src\Component.h">
      <Filter>Header Files\engine</Filter>
    </ClInclude>
    <ClInclude Include="src\ComponentList.h">
      <Filter>Header Files\engine</Filter>
    </ClInclude>
    <ClInclude Include="src\DebugObject.h">
      <Filter>Header Files\engine</Filter>
    </ClInclude>
    <ClInclude Include="src\DebugRenderer.h">
      <Filter>Header Files\engine</Filter>
    </ClInclude>
    <ClInclude Include="src\DebugScene.h">
      <Filter>Header Files\engine</Filter>
    </ClInclude>
    <ClInclude Include="src\EnemyObject.h">
      <Filter>Header Files\game</Filter>
    </ClInclude>
    <ClInclude Include="src\EnemySpawner.h">
      <Filter>Header Files\game</Filter>
    </ClInclude>
    <ClInclude Include="src\Game.h">
      <Filter>Header Files\game</Filter>
    </ClInclude>
    <ClInclude Include="src\GameObject.h">
      <Filter>Header Files\engine</Filter>
    </ClInclude>
    <ClInclude Include="src\GameOverScene.h">
      <Filter>Header Files\game</Filter>
    </ClInclude>
    <ClInclude Include="src\GameObjectList.h">
      <Filter>Header Files\engine</Filter>
    </ClInclude>
    <ClInclude Include="src\GameScene.h">
      <Filter>Header Files\game</Filter>
    </ClInclude>
    <ClInclude Include="src\HealthBar.h">
      <Filter>Header Files\game</Filter>
    </ClInclude>
    <ClInclude Include="src\InputManager.h">
      <Filter>Header Files\engine</Filter>
    </ClInclude>
    <ClInclude Include="src\json.hpp">
      <Filter>Header Files\engine</Filter>
    </ClInclude>
    <ClInclude Include="src\Math.h">
      <Filter>Header Files\engine</Filter>
    </ClInclude>
    <ClInclude Include="src\MultipassRenderer.h">
      <Filter>Header Files\engine</Filter>
    </ClInclude>
    <ClInclude Include="src\ObjectPool.h">
      <Filter>Header Files\engine</Filter>
    </ClInclude>
    <ClInclude Include="src\PlayerObject.h">
      <Filter>Header Files\game</Filter>
    </ClInclude>
    <ClInclude Include="src\Renderer.h">
      <Filter>Header Files\engine</Filter>
    </ClInclude>
    <ClInclude Include="src\ReticleObject.h">
      <Filter>Header Files\game</Filter>
    </ClInclude>
    <ClInclude Include="src\Rigidbody.h">
      <Filter>Header Files\engine</Filter>
    </ClInclude>
    <ClInclude Include="src\Scene.h">
      <Filter>Header Files\engine</Filter>
    </ClInclude>
    <ClInclude Include="src\SceneManager.h">
      <Filter>Header Files\engine</Filter>
    </ClInclude>
    <ClInclude Include="src\ShellCollisionObject.h">
      <Filter>Header Files\game</Filter>
    </ClInclude>
    <ClInclude Include="src\SpriteRenderer.h">
      <Filter>Header Files\engine</Filter>
    </ClInclude>
    <ClInclude Include="src\Text.h">
      <Filter>Header Files\engine</Filter>
    </ClInclude>
    <ClInclude Include="src\Texture.h">
      <Filter>Header Files\engine</Filter>
    </ClInclude>
    <ClInclude Include="src\TextureManager.h">
      <Filter>Header Files\engine</Filter>
    </ClInclude>
    <ClInclude Include="src\Tilemap.h">
      <Filter>Header Files\engine</Filter>
    </ClInclude>
    <ClInclude Include="src\Time.h">
      <Filter>Header Files\engine</Filter>
    </ClInclude>
    <ClInclude Include="src\Timer.h">
      <Filter>Header Files\engine</Filter>
    </ClInclude>
    <ClInclude Include="src\Vector2.h">
      <Filter>Header Files\engine</Filter>
    </ClInclude>
    <ClInclude Include="src\VFXManager.h">
      <Filter>Header Files\engine</Filter>
    </ClInclude>
  </ItemGroup>
</Project>