<?xml version="1.0" encoding="utf-8"?>
<Project ToolsVersion="4.0" xmlns="http://schemas.microsoft.com/developer/msbuild/2003">
  <ItemGroup>
    <Filter Include="Source Files">
      <UniqueIdentifier>{4FC737F1-C7A5-4376-A066-2A32D752A2FF}</UniqueIdentifier>
      <Extensions>cpp;c;cc;cxx;c++;cppm;ixx;def;odl;idl;hpj;bat;asm;asmx</Extensions>
    </Filter>
    <Filter Include="Header Files">
      <UniqueIdentifier>{93995380-89BD-4b04-88EB-625FBE52EBFB}</UniqueIdentifier>
      <Extensions>h;hh;hpp;hxx;h++;hm;inl;inc;ipp;xsd</Extensions>
    </Filter>
    <Filter Include="Resource Files">
      <UniqueIdentifier>{67DA6AB6-F800-4c08-8B7A-83BB121AAD01}</UniqueIdentifier>
      <Extensions>rc;ico;cur;bmp;dlg;rc2;rct;bin;rgs;gif;jpg;jpeg;jpe;resx;tiff;tif;png;wav;mfcribbon-ms</Extensions>
    </Filter>
    <Filter Include="Header Files\engine">
      <UniqueIdentifier>{4134aafd-7b49-48fc-8531-531fcc1c86f1}</UniqueIdentifier>
    </Filter>
    <Filter Include="Header Files\engine\components">
      <UniqueIdentifier>{aecc4df9-bae9-4c0b-90ea-670aa584b95d}</UniqueIdentifier>
    </Filter>
    <Filter Include="Header Files\engine\collections">
      <UniqueIdentifier>{c7b51cbb-e2a1-4ac6-8bd6-f9ab7190914b}</UniqueIdentifier>
    </Filter>
    <Filter Include="Source Files\engine">
      <UniqueIdentifier>{d78fe493-b4f1-4c9d-b238-644466df8cfe}</UniqueIdentifier>
    </Filter>
    <Filter Include="Source Files\engine\components">
      <UniqueIdentifier>{1427e7f7-baa8-4df8-9fbb-9ac8357f824c}</UniqueIdentifier>
    </Filter>
    <Filter Include="Source Files\engine\collections">
      <UniqueIdentifier>{54355b15-5876-4829-98ab-ec18f2092610}</UniqueIdentifier>
    </Filter>
    <Filter Include="Source Files\engine\scenes">
      <UniqueIdentifier>{eaf9e702-7581-45f1-bc19-ca0445c72777}</UniqueIdentifier>
    </Filter>
    <Filter Include="Header Files\engine\scenes">
      <UniqueIdentifier>{4357db02-0757-42be-8f42-935fc0cd4495}</UniqueIdentifier>
    </Filter>
    <Filter Include="Header Files\engine\utils">
      <UniqueIdentifier>{edb0826c-e1db-467b-be47-6635798e82e5}</UniqueIdentifier>
    </Filter>
    <Filter Include="Source Files\engine\utils">
      <UniqueIdentifier>{093cd1a5-73d6-4fe3-9278-641bf6325609}</UniqueIdentifier>
    </Filter>
    <Filter Include="Source Files\game">
      <UniqueIdentifier>{583e9f9d-23c3-4de7-93a1-fff54cabd751}</UniqueIdentifier>
    </Filter>
    <Filter Include="Header Files\game">
      <UniqueIdentifier>{a3d4620d-846b-477c-af45-0f8796967a7e}</UniqueIdentifier>
    </Filter>
  </ItemGroup>
  <ItemGroup>
    <ClCompile Include="main.cpp">
      <Filter>Source Files</Filter>
    </ClCompile>
    <ClCompile Include="Component.cpp">
      <Filter>Source Files\engine\components</Filter>
    </ClCompile>
    <ClCompile Include="Renderer.cpp">
      <Filter>Source Files\engine\components</Filter>
    </ClCompile>
    <ClCompile Include="ComponentList.cpp">
      <Filter>Source Files\engine\collections</Filter>
    </ClCompile>
    <ClCompile Include="GameObjectList.cpp">
      <Filter>Source Files\engine\collections</Filter>
    </ClCompile>
    <ClCompile Include="Game.cpp">
      <Filter>Source Files\engine</Filter>
    </ClCompile>
    <ClCompile Include="GameObject.cpp">
      <Filter>Source Files\engine</Filter>
    </ClCompile>
    <ClCompile Include="Scene.cpp">
      <Filter>Source Files\engine\scenes</Filter>
    </ClCompile>
    <ClCompile Include="SceneManager.cpp">
      <Filter>Source Files\engine\scenes</Filter>
    </ClCompile>
    <ClCompile Include="InputManager.cpp">
      <Filter>Source Files\engine</Filter>
    </ClCompile>
    <ClCompile Include="Vector2.cpp">
      <Filter>Source Files\engine\utils</Filter>
    </ClCompile>
    <ClCompile Include="Math.h">
      <Filter>Header Files\engine\utils</Filter>
    </ClCompile>
    <ClCompile Include="Time.cpp">
      <Filter>Source Files\engine\utils</Filter>
    </ClCompile>
    <ClCompile Include="DebugObject.cpp">
      <Filter>Source Files\game</Filter>
    </ClCompile>
    <ClCompile Include="DebugRenderer.cpp">
      <Filter>Source Files\game</Filter>
    </ClCompile>
    <ClCompile Include="DebugScene.cpp">
      <Filter>Source Files\game</Filter>
    </ClCompile>
    <ClCompile Include="BoxCollider.cpp">
      <Filter>Source Files</Filter>
    </ClCompile>
    <ClCompile Include="Bullet.cpp">
      <Filter>Source Files</Filter>
    </ClCompile>
    <ClCompile Include="BulletManager.cpp">
      <Filter>Source Files</Filter>
    </ClCompile>
    <ClCompile Include="Camera.cpp">
      <Filter>Source Files</Filter>
    </ClCompile>
    <ClCompile Include="GameScene.cpp">
      <Filter>Source Files</Filter>
    </ClCompile>
    <ClCompile Include="MultipassRenderer.cpp">
      <Filter>Source Files</Filter>
    </ClCompile>
    <ClCompile Include="ObjectPool.cpp">
      <Filter>Source Files</Filter>
    </ClCompile>
    <ClCompile Include="PlayerObject.cpp">
      <Filter>Source Files</Filter>
    </ClCompile>
    <ClCompile Include="ReticleObject.cpp">
      <Filter>Source Files</Filter>
    </ClCompile>
    <ClCompile Include="Rigidbody.cpp">
      <Filter>Source Files</Filter>
    </ClCompile>
    <ClCompile Include="SpriteRenderer.cpp">
      <Filter>Source Files</Filter>
    </ClCompile>
    <ClCompile Include="Texture.cpp">
      <Filter>Source Files</Filter>
    </ClCompile>
    <ClCompile Include="TextureManager.cpp">
      <Filter>Source Files</Filter>
    </ClCompile>
    <ClCompile Include="VFXManager.cpp">
      <Filter>Source Files</Filter>
    </ClCompile>
    <ClCompile Include="EnemyObject.cpp">
      <Filter>Source Files</Filter>
    </ClCompile>
    <ClCompile Include="HealthBar.cpp">
      <Filter>Source Files</Filter>
    </ClCompile>
    <ClCompile Include="GameOverScene.cpp">
      <Filter>Source Files</Filter>
    </ClCompile>
  </ItemGroup>
  <ItemGroup>
    <None Include="packages.config" />
  </ItemGroup>
  <ItemGroup>
    <ClInclude Include="Component.h">
      <Filter>Header Files\engine\components</Filter>
    </ClInclude>
    <ClInclude Include="Renderer.h">
      <Filter>Header Files\engine\components</Filter>
    </ClInclude>
    <ClInclude Include="ComponentList.h">
      <Filter>Header Files\engine\collections</Filter>
    </ClInclude>
    <ClInclude Include="GameObjectList.h">
      <Filter>Header Files\engine\collections</Filter>
    </ClInclude>
    <ClInclude Include="GameObject.h">
      <Filter>Header Files\engine</Filter>
    </ClInclude>
    <ClInclude Include="Game.h">
      <Filter>Header Files\engine</Filter>
    </ClInclude>
    <ClInclude Include="Scene.h">
      <Filter>Header Files\engine\scenes</Filter>
    </ClInclude>
    <ClInclude Include="SceneManager.h">
      <Filter>Header Files\engine\scenes</Filter>
    </ClInclude>
    <ClInclude Include="InputManager.h">
      <Filter>Header Files\engine</Filter>
    </ClInclude>
    <ClInclude Include="Time.h">
      <Filter>Header Files\engine\utils</Filter>
    </ClInclude>
    <ClInclude Include="Vector2.h">
      <Filter>Header Files\engine\utils</Filter>
    </ClInclude>
    <ClInclude Include="DebugObject.h">
      <Filter>Header Files\game</Filter>
    </ClInclude>
    <ClInclude Include="DebugRenderer.h">
      <Filter>Header Files\game</Filter>
    </ClInclude>
    <ClInclude Include="DebugScene.h">
      <Filter>Header Files\game</Filter>
    </ClInclude>
    <ClInclude Include="BoxCollider.h">
      <Filter>Header Files</Filter>
    </ClInclude>
    <ClInclude Include="Bullet.h">
      <Filter>Header Files</Filter>
    </ClInclude>
    <ClInclude Include="BulletManager.h">
      <Filter>Header Files</Filter>
    </ClInclude>
    <ClInclude Include="Camera.h">
      <Filter>Header Files</Filter>
    </ClInclude>
    <ClInclude Include="GameScene.h">
      <Filter>Header Files</Filter>
    </ClInclude>
    <ClInclude Include="MultipassRenderer.h">
      <Filter>Header Files</Filter>
    </ClInclude>
    <ClInclude Include="ObjectPool.h">
      <Filter>Header Files</Filter>
    </ClInclude>
    <ClInclude Include="PlayerObject.h">
      <Filter>Header Files</Filter>
    </ClInclude>
    <ClInclude Include="ReticleObject.h">
      <Filter>Header Files</Filter>
    </ClInclude>
    <ClInclude Include="Rigidbody.h">
      <Filter>Header Files</Filter>
    </ClInclude>
    <ClInclude Include="SpriteRenderer.h">
      <Filter>Header Files</Filter>
    </ClInclude>
    <ClInclude Include="Texture.h">
      <Filter>Header Files</Filter>
    </ClInclude>
    <ClInclude Include="TextureManager.h">
      <Filter>Header Files</Filter>
    </ClInclude>
    <ClInclude Include="VFXManager.h">
      <Filter>Header Files</Filter>
    </ClInclude>
    <ClInclude Include="EnemyObject.h">
      <Filter>Header Files</Filter>
    </ClInclude>
    <ClInclude Include="HealthBar.h">
      <Filter>Header Files</Filter>
    </ClInclude>
    <ClInclude Include="GameOverScene.h">
      <Filter>Header Files</Filter>
    </ClInclude>
  </ItemGroup>
</Project>